github.com/gomarkdown/markdown v0.0.0-20230322041520-c84983bdbf2a h1:AWZzzFrqyjYlRloN6edwTLTUbKxf5flLXNuTBDm3Ews=
github.com/gomarkdown/markdown v0.0.0-20230322041520-c84983bdbf2a/go.mod h1:JDGcbDT52eL4fju3sZ4TeHGsQwhG9nbDV21aMyhwPoA=
github.com/tvrzna/go-utils/args v0.0.2 h1:x1cPDtgdCeWTrSt3QHiU+tCiyr5JNBpasrnMZ5Npa3Y=
github.com/tvrzna/go-utils/args v0.0.2/go.mod h1:LD8ey0IbYFEatYvyjy2Jf45ywuLnKZKbAtj8ndT0C9k=
